
Microsoft Visual Studio Solution File, Format Version 12.00
# Visual Studio Version 17
VisualStudioVersion = 17.0.31903.59
MinimumVisualStudioVersion = 10.0.40219.1
Project("{2150E333-8FDC-42A3-9474-1A3956D46DE8}") = "src", "src", "{D6686B56-58D4-417D-9039-2CAC636B251A}"
EndProject
Project("{FAE04EC0-301F-11D3-BF4B-00C04F79EFBC}") = "Umbral.Gateway", "src\Umbral.Gateway\Umbral.Gateway.csproj", "{8299A7DF-3076-4423-8098-3C36C9F9D69E}"
EndProject
Project("{2150E333-8FDC-42A3-9474-1A3956D46DE8}") = "tests", "tests", "{EA8767F2-2B43-40E9-BF0C-BCBD810E0C41}"
EndProject
Project("{FAE04EC0-301F-11D3-BF4B-00C04F79EFBC}") = "Umbral.Gateway.IntegrationTests", "tests\Umbral.Gateway.IntegrationTests\Umbral.Gateway.IntegrationTests.csproj", "{0FAD2F4C-7AC7-4456-A2EB-68D63DA61665}"
EndProject
Global
	GlobalSection(SolutionConfigurationPlatforms) = preSolution
		Debug|Any CPU = Debug|Any CPU
		Release|Any CPU = Release|Any CPU
	EndGlobalSection
	GlobalSection(SolutionProperties) = preSolution
		HideSolutionNode = FALSE
	EndGlobalSection
	GlobalSection(ProjectConfigurationPlatforms) = postSolution
		{8299A7DF-3076-4423-8098-3C36C9F9D69E}.Debug|Any CPU.ActiveCfg = Debug|Any CPU
		{8299A7DF-3076-4423-8098-3C36C9F9D69E}.Debug|Any CPU.Build.0 = Debug|Any CPU
		{8299A7DF-3076-4423-8098-3C36C9F9D69E}.Release|Any CPU.ActiveCfg = Release|Any CPU
		{8299A7DF-3076-4423-8098-3C36C9F9D69E}.Release|Any CPU.Build.0 = Release|Any CPU
		{0FAD2F4C-7AC7-4456-A2EB-68D63DA61665}.Debug|Any CPU.ActiveCfg = Debug|Any CPU
		{0FAD2F4C-7AC7-4456-A2EB-68D63DA61665}.Debug|Any CPU.Build.0 = Debug|Any CPU
		{0FAD2F4C-7AC7-4456-A2EB-68D63DA61665}.Release|Any CPU.ActiveCfg = Release|Any CPU
		{0FAD2F4C-7AC7-4456-A2EB-68D63DA61665}.Release|Any CPU.Build.0 = Release|Any CPU
	EndGlobalSection
	GlobalSection(NestedProjects) = preSolution
		{8299A7DF-3076-4423-8098-3C36C9F9D69E} = {D6686B56-58D4-417D-9039-2CAC636B251A}
		{0FAD2F4C-7AC7-4456-A2EB-68D63DA61665} = {EA8767F2-2B43-40E9-BF0C-BCBD810E0C41}
	EndGlobalSection
EndGlobal
